
Microsoft Visual Studio Solution File, Format Version 12.00
# Visual Studio Version 16
VisualStudioVersion = 16.0.30114.105
MinimumVisualStudioVersion = 10.0.40219.1
Project("{FAE04EC0-301F-11D3-BF4B-00C04F79EFBC}") = "MainProgram", "CreatingTypes\MainProgram.csproj", "{F68A3A8B-D667-4C19-B0CC-0371B8A06EC5}"
EndProject
Project("{2150E333-8FDC-42A3-9474-1A3956D46DE8}") = "Tests", "Tests", "{13CB51BE-575D-4706-9970-E1C71B4648EC}"
EndProject
Project("{2150E333-8FDC-42A3-9474-1A3956D46DE8}") = "Models", "Models", "{2084F69E-8DAB-4DB0-9FC8-611D46607844}"
EndProject
Project("{2150E333-8FDC-42A3-9474-1A3956D46DE8}") = "Task_06", "Task_06", "{B5D2CEB2-6758-4360-AEFC-AB74433A1BF0}"
EndProject
Project("{2150E333-8FDC-42A3-9474-1A3956D46DE8}") = "Task_03", "Task_03", "{E77AC958-80EB-4255-BE0E-5D55816BB843}"
EndProject
Project("{2150E333-8FDC-42A3-9474-1A3956D46DE8}") = "Test_03", "Test_03", "{A2A2829B-B3E4-440F-BE85-09768CE5CEDA}"
EndProject
Project("{FAE04EC0-301F-11D3-BF4B-00C04F79EFBC}") = "BinFormatter", "Models\BinFormatter\BinFormatter.csproj", "{B17D55F5-F76D-4D9D-A293-EE2C1DB75A9F}"
EndProject
Project("{FAE04EC0-301F-11D3-BF4B-00C04F79EFBC}") = "NewtonRoot", "Models\NewtonSQRT\NewtonRoot.csproj", "{2A005751-4FFC-46A3-8E20-6D2E62FB7143}"
EndProject
Project("{FAE04EC0-301F-11D3-BF4B-00C04F79EFBC}") = "3DVector", "Models\Vector3D\3DVector.csproj", "{B8D580EF-1DAA-462C-8238-24CEBAD86034}"
EndProject
Project("{FAE04EC0-301F-11D3-BF4B-00C04F79EFBC}") = "BinFormatter_Tests", "Tests\Test_03\BinFormatter_Tests\BinFormatter_Tests.csproj", "{42EA9898-90F0-4E7C-8F67-435A9DE5E063}"
EndProject
Project("{FAE04EC0-301F-11D3-BF4B-00C04F79EFBC}") = "NewtonRoot_Tests", "Tests\Test_03\NewtonRoot_Tests\NewtonRoot_Tests.csproj", "{B71F318C-85BC-4A2E-98EB-4301E0877A91}"
EndProject
Project("{2150E333-8FDC-42A3-9474-1A3956D46DE8}") = "Task_04", "Task_04", "{DE9A1F74-46CE-48C8-8CB1-C53066CFAE86}"
EndProject
Project("{FAE04EC0-301F-11D3-BF4B-00C04F79EFBC}") = "Euclidean", "Models\Euclidean\Euclidean.csproj", "{145858E4-4FAC-475B-B8E7-4E1E5104F820}"
EndProject
Project("{2150E333-8FDC-42A3-9474-1A3956D46DE8}") = "Test_04", "Test_04", "{A44FC10B-01D3-40DE-AEAE-8FF3C0D2304F}"
EndProject
Project("{FAE04EC0-301F-11D3-BF4B-00C04F79EFBC}") = "Euclidean_Tests", "Tests\Test_04\Euclidean_Tests\Euclidean_Tests.csproj", "{12260A92-0C12-479E-B5F5-E8CA04FAB93D}"
EndProject
Project("{2150E333-8FDC-42A3-9474-1A3956D46DE8}") = "Task_05", "Task_05", "{E81BCECA-E293-4E08-93FF-1B9FA6330178}"
EndProject
Project("{2150E333-8FDC-42A3-9474-1A3956D46DE8}") = "Test_05", "Test_05", "{2E813256-586A-4BB6-8959-5900885A03F8}"
EndProject
Project("{FAE04EC0-301F-11D3-BF4B-00C04F79EFBC}") = "Shapes_tests", "Tests\Test_05\Shapes_tests\Shapes_tests.csproj", "{9AE5F4BC-6C34-4C64-8699-85E84DED5907}"
EndProject
Project("{FAE04EC0-301F-11D3-BF4B-00C04F79EFBC}") = "MyShapes", "Models\MyShapes\MyShapes.csproj", "{1B36A88E-3C73-480B-AA45-FEBB575E9079}"
EndProject
Project("{FAE04EC0-301F-11D3-BF4B-00C04F79EFBC}") = "Polynomial", "Models\Polynomial\Polynomial.csproj", "{81B403B6-26DD-4A02-A64E-2A5DA781BEDC}"
EndProject
Project("{FAE04EC0-301F-11D3-BF4B-00C04F79EFBC}") = "Converter", "Models\Converter\Converter.csproj", "{63FAD863-C572-4D6B-AB94-9C1A1CE8276B}"
EndProject
Project("{FAE04EC0-301F-11D3-BF4B-00C04F79EFBC}") = "MyStream", "Models\MyStream\MyStream.csproj", "{F1241C8E-9419-4E7D-9D83-F56234410353}"
EndProject
Project("{2150E333-8FDC-42A3-9474-1A3956D46DE8}") = "Test_06", "Test_06", "{AF70A53E-26B0-44D7-A23D-B994D870F924}"
EndProject
Project("{FAE04EC0-301F-11D3-BF4B-00C04F79EFBC}") = "3DVector_Tests", "Tests\Test_06\3DVector_Tests\3DVector_Tests\3DVector_Tests.csproj", "{74878683-4F95-4EB5-90DF-72AB8B53245E}"
EndProject
Project("{FAE04EC0-301F-11D3-BF4B-00C04F79EFBC}") = "Converter_Tests", "Tests\Test_06\Converter_Tests\Converter\Converter_Tests.csproj", "{21906771-BB01-44AE-845F-0651C581B939}"
EndProject
Project("{FAE04EC0-301F-11D3-BF4B-00C04F79EFBC}") = "Polynomial_Tests", "Tests\Test_06\Polynomial_Tests\Polynomial_Tests\Polynomial_Tests.csproj", "{E8F36B22-4E41-4082-B78A-4A287B0B1160}"
EndProject
Project("{FAE04EC0-301F-11D3-BF4B-00C04F79EFBC}") = "MyStream_Tests", "Tests\Test_06\MyStream_Tests\MyStream_Tests\MyStream_Tests.csproj", "{9C391891-4730-49BC-B351-77BD85DACE0D}"
EndProject
Project("{2150E333-8FDC-42A3-9474-1A3956D46DE8}") = "Task_07", "Task_07", "{852DCF32-9B6C-4601-8925-D7AD1669513A}"
EndProject
Project("{FAE04EC0-301F-11D3-BF4B-00C04F79EFBC}") = "Matrix", "Models\Matrix\Matrix.csproj", "{D2FF27C8-AF31-4FA7-9696-E9E95E2C30A8}"
EndProject
Project("{2150E333-8FDC-42A3-9474-1A3956D46DE8}") = "Task_08", "Task_08", "{5F748031-35AC-43D6-986B-E759DBCC1A79}"
EndProject
Project("{FAE04EC0-301F-11D3-BF4B-00C04F79EFBC}") = "MyTimer", "Models\MyTimer\MyTimer.csproj", "{2463F54B-9B78-4BDF-BE44-43DE914E816F}"
EndProject
Project("{2150E333-8FDC-42A3-9474-1A3956D46DE8}") = "Task_09", "Task_09", "{2B46D7D5-4212-43DB-9FB5-94CF68F33A23}"
EndProject
Project("{FAE04EC0-301F-11D3-BF4B-00C04F79EFBC}") = "BinaryTree", "Models\BST\BinaryTree.csproj", "{061B57B8-2866-4FF3-9C7D-4B6999D4759D}"
EndProject
Project("{FAE04EC0-301F-11D3-BF4B-00C04F79EFBC}") = "StudentTest", "Models\StudentTest\StudentTest.csproj", "{DB757174-796F-4A58-A04F-DF995B6BC053}"
EndProject
Project("{FAE04EC0-301F-11D3-BF4B-00C04F79EFBC}") = "AbstractFactory", "Models\AbstractFactory\AbstractFactory.csproj", "{1CD2CB84-710A-4DA1-A908-BE235B1AEA38}"
EndProject
Project("{2150E333-8FDC-42A3-9474-1A3956D46DE8}") = "Task_10", "Task_10", "{EEF24AC8-FBC1-4853-B093-E3C18D9E8134}"
EndProject
Project("{FAE04EC0-301F-11D3-BF4B-00C04F79EFBC}") = "BinarySerializer", "Models\BinaryFileWriter\BinarySerializer.csproj", "{6E7FA0D1-E173-406C-BB78-D52D8FD0178D}"
EndProject
Project("{FAE04EC0-301F-11D3-BF4B-00C04F79EFBC}") = "TestsStorage", "Models\TestsStorage\TestsStorage.csproj", "{4B008406-6930-45CE-A38E-6BFEACFDE609}"
EndProject
Project("{2150E333-8FDC-42A3-9474-1A3956D46DE8}") = "Test_10", "Test_10", "{B9538859-6E77-4844-B18A-49A313AC873B}"
EndProject
Project("{FAE04EC0-301F-11D3-BF4B-00C04F79EFBC}") = "BinarySerializer_Tests", "Tests\Test_10\BinarySerializer_tests\BinarySerializer_Tests.csproj", "{1AE9C049-76B6-40F6-8AE1-4E3B6DED591E}"
EndProject
Project("{FAE04EC0-301F-11D3-BF4B-00C04F79EFBC}") = "TestsStorage_Tests", "Tests\Test_10\TestsStorage_Tests\TestsStorage_Tests.csproj", "{327D7C04-4C5F-441C-8E5C-F5E623867DBE}"
EndProject
Project("{2150E333-8FDC-42A3-9474-1A3956D46DE8}") = "Task_11", "Task_11", "{161B9712-7F72-47FF-A00E-DBB69E065292}"
EndProject
Project("{FAE04EC0-301F-11D3-BF4B-00C04F79EFBC}") = "FileEditor", "Models\FileEditor\FileEditor.csproj", "{798EA8C2-9445-4EBF-98EC-9BA9649E2540}"
EndProject
Project("{FAE04EC0-301F-11D3-BF4B-00C04F79EFBC}") = "TextEditor", "Models\TextEditor\TextEditor.csproj", "{E0CC6B6D-F0D7-48B1-846B-4886CB27E372}"
EndProject
Project("{2150E333-8FDC-42A3-9474-1A3956D46DE8}") = "Test_11", "Test_11", "{EF58409E-6148-4AC9-B2C0-94443989C089}"
EndProject
Project("{2150E333-8FDC-42A3-9474-1A3956D46DE8}") = "Task_12", "Task_12", "{6618348C-C3FA-491A-AF10-53173F2EDA86}"
EndProject
Project("{FAE04EC0-301F-11D3-BF4B-00C04F79EFBC}") = "XmlParser", "Models\XmlParser\XmlParser.csproj", "{697EC5D8-EA0B-4F5D-AA25-C3D580317175}"
EndProject
Global
	GlobalSection(SolutionConfigurationPlatforms) = preSolution
		Debug|Any CPU = Debug|Any CPU
		Release|Any CPU = Release|Any CPU
	EndGlobalSection
	GlobalSection(ProjectConfigurationPlatforms) = postSolution
		{F68A3A8B-D667-4C19-B0CC-0371B8A06EC5}.Debug|Any CPU.ActiveCfg = Debug|Any CPU
		{F68A3A8B-D667-4C19-B0CC-0371B8A06EC5}.Debug|Any CPU.Build.0 = Debug|Any CPU
		{F68A3A8B-D667-4C19-B0CC-0371B8A06EC5}.Release|Any CPU.ActiveCfg = Release|Any CPU
		{F68A3A8B-D667-4C19-B0CC-0371B8A06EC5}.Release|Any CPU.Build.0 = Release|Any CPU
		{B17D55F5-F76D-4D9D-A293-EE2C1DB75A9F}.Debug|Any CPU.ActiveCfg = Debug|Any CPU
		{B17D55F5-F76D-4D9D-A293-EE2C1DB75A9F}.Debug|Any CPU.Build.0 = Debug|Any CPU
		{B17D55F5-F76D-4D9D-A293-EE2C1DB75A9F}.Release|Any CPU.ActiveCfg = Release|Any CPU
		{B17D55F5-F76D-4D9D-A293-EE2C1DB75A9F}.Release|Any CPU.Build.0 = Release|Any CPU
		{2A005751-4FFC-46A3-8E20-6D2E62FB7143}.Debug|Any CPU.ActiveCfg = Debug|Any CPU
		{2A005751-4FFC-46A3-8E20-6D2E62FB7143}.Debug|Any CPU.Build.0 = Debug|Any CPU
		{2A005751-4FFC-46A3-8E20-6D2E62FB7143}.Release|Any CPU.ActiveCfg = Release|Any CPU
		{2A005751-4FFC-46A3-8E20-6D2E62FB7143}.Release|Any CPU.Build.0 = Release|Any CPU
		{B8D580EF-1DAA-462C-8238-24CEBAD86034}.Debug|Any CPU.ActiveCfg = Debug|Any CPU
		{B8D580EF-1DAA-462C-8238-24CEBAD86034}.Debug|Any CPU.Build.0 = Debug|Any CPU
		{B8D580EF-1DAA-462C-8238-24CEBAD86034}.Release|Any CPU.ActiveCfg = Release|Any CPU
		{B8D580EF-1DAA-462C-8238-24CEBAD86034}.Release|Any CPU.Build.0 = Release|Any CPU
		{42EA9898-90F0-4E7C-8F67-435A9DE5E063}.Debug|Any CPU.ActiveCfg = Debug|Any CPU
		{42EA9898-90F0-4E7C-8F67-435A9DE5E063}.Debug|Any CPU.Build.0 = Debug|Any CPU
		{42EA9898-90F0-4E7C-8F67-435A9DE5E063}.Release|Any CPU.ActiveCfg = Release|Any CPU
		{42EA9898-90F0-4E7C-8F67-435A9DE5E063}.Release|Any CPU.Build.0 = Release|Any CPU
		{B71F318C-85BC-4A2E-98EB-4301E0877A91}.Debug|Any CPU.ActiveCfg = Debug|Any CPU
		{B71F318C-85BC-4A2E-98EB-4301E0877A91}.Debug|Any CPU.Build.0 = Debug|Any CPU
		{B71F318C-85BC-4A2E-98EB-4301E0877A91}.Release|Any CPU.ActiveCfg = Release|Any CPU
		{B71F318C-85BC-4A2E-98EB-4301E0877A91}.Release|Any CPU.Build.0 = Release|Any CPU
		{145858E4-4FAC-475B-B8E7-4E1E5104F820}.Debug|Any CPU.ActiveCfg = Debug|Any CPU
		{145858E4-4FAC-475B-B8E7-4E1E5104F820}.Debug|Any CPU.Build.0 = Debug|Any CPU
		{145858E4-4FAC-475B-B8E7-4E1E5104F820}.Release|Any CPU.ActiveCfg = Release|Any CPU
		{145858E4-4FAC-475B-B8E7-4E1E5104F820}.Release|Any CPU.Build.0 = Release|Any CPU
		{12260A92-0C12-479E-B5F5-E8CA04FAB93D}.Debug|Any CPU.ActiveCfg = Debug|Any CPU
		{12260A92-0C12-479E-B5F5-E8CA04FAB93D}.Debug|Any CPU.Build.0 = Debug|Any CPU
		{12260A92-0C12-479E-B5F5-E8CA04FAB93D}.Release|Any CPU.ActiveCfg = Release|Any CPU
		{12260A92-0C12-479E-B5F5-E8CA04FAB93D}.Release|Any CPU.Build.0 = Release|Any CPU
		{9AE5F4BC-6C34-4C64-8699-85E84DED5907}.Debug|Any CPU.ActiveCfg = Debug|Any CPU
		{9AE5F4BC-6C34-4C64-8699-85E84DED5907}.Debug|Any CPU.Build.0 = Debug|Any CPU
		{9AE5F4BC-6C34-4C64-8699-85E84DED5907}.Release|Any CPU.ActiveCfg = Release|Any CPU
		{9AE5F4BC-6C34-4C64-8699-85E84DED5907}.Release|Any CPU.Build.0 = Release|Any CPU
		{1B36A88E-3C73-480B-AA45-FEBB575E9079}.Debug|Any CPU.ActiveCfg = Debug|Any CPU
		{1B36A88E-3C73-480B-AA45-FEBB575E9079}.Debug|Any CPU.Build.0 = Debug|Any CPU
		{1B36A88E-3C73-480B-AA45-FEBB575E9079}.Release|Any CPU.ActiveCfg = Release|Any CPU
		{1B36A88E-3C73-480B-AA45-FEBB575E9079}.Release|Any CPU.Build.0 = Release|Any CPU
		{81B403B6-26DD-4A02-A64E-2A5DA781BEDC}.Debug|Any CPU.ActiveCfg = Debug|Any CPU
		{81B403B6-26DD-4A02-A64E-2A5DA781BEDC}.Debug|Any CPU.Build.0 = Debug|Any CPU
		{81B403B6-26DD-4A02-A64E-2A5DA781BEDC}.Release|Any CPU.ActiveCfg = Release|Any CPU
		{81B403B6-26DD-4A02-A64E-2A5DA781BEDC}.Release|Any CPU.Build.0 = Release|Any CPU
		{63FAD863-C572-4D6B-AB94-9C1A1CE8276B}.Debug|Any CPU.ActiveCfg = Debug|Any CPU
		{63FAD863-C572-4D6B-AB94-9C1A1CE8276B}.Debug|Any CPU.Build.0 = Debug|Any CPU
		{63FAD863-C572-4D6B-AB94-9C1A1CE8276B}.Release|Any CPU.ActiveCfg = Release|Any CPU
		{63FAD863-C572-4D6B-AB94-9C1A1CE8276B}.Release|Any CPU.Build.0 = Release|Any CPU
		{F1241C8E-9419-4E7D-9D83-F56234410353}.Debug|Any CPU.ActiveCfg = Debug|Any CPU
		{F1241C8E-9419-4E7D-9D83-F56234410353}.Debug|Any CPU.Build.0 = Debug|Any CPU
		{F1241C8E-9419-4E7D-9D83-F56234410353}.Release|Any CPU.ActiveCfg = Release|Any CPU
		{F1241C8E-9419-4E7D-9D83-F56234410353}.Release|Any CPU.Build.0 = Release|Any CPU
		{74878683-4F95-4EB5-90DF-72AB8B53245E}.Debug|Any CPU.ActiveCfg = Debug|Any CPU
		{74878683-4F95-4EB5-90DF-72AB8B53245E}.Debug|Any CPU.Build.0 = Debug|Any CPU
		{74878683-4F95-4EB5-90DF-72AB8B53245E}.Release|Any CPU.ActiveCfg = Release|Any CPU
		{74878683-4F95-4EB5-90DF-72AB8B53245E}.Release|Any CPU.Build.0 = Release|Any CPU
		{21906771-BB01-44AE-845F-0651C581B939}.Debug|Any CPU.ActiveCfg = Debug|Any CPU
		{21906771-BB01-44AE-845F-0651C581B939}.Debug|Any CPU.Build.0 = Debug|Any CPU
		{21906771-BB01-44AE-845F-0651C581B939}.Release|Any CPU.ActiveCfg = Release|Any CPU
		{21906771-BB01-44AE-845F-0651C581B939}.Release|Any CPU.Build.0 = Release|Any CPU
		{E8F36B22-4E41-4082-B78A-4A287B0B1160}.Debug|Any CPU.ActiveCfg = Debug|Any CPU
		{E8F36B22-4E41-4082-B78A-4A287B0B1160}.Debug|Any CPU.Build.0 = Debug|Any CPU
		{E8F36B22-4E41-4082-B78A-4A287B0B1160}.Release|Any CPU.ActiveCfg = Release|Any CPU
		{E8F36B22-4E41-4082-B78A-4A287B0B1160}.Release|Any CPU.Build.0 = Release|Any CPU
		{9C391891-4730-49BC-B351-77BD85DACE0D}.Debug|Any CPU.ActiveCfg = Debug|Any CPU
		{9C391891-4730-49BC-B351-77BD85DACE0D}.Debug|Any CPU.Build.0 = Debug|Any CPU
		{9C391891-4730-49BC-B351-77BD85DACE0D}.Release|Any CPU.ActiveCfg = Release|Any CPU
		{9C391891-4730-49BC-B351-77BD85DACE0D}.Release|Any CPU.Build.0 = Release|Any CPU
		{D2FF27C8-AF31-4FA7-9696-E9E95E2C30A8}.Debug|Any CPU.ActiveCfg = Debug|Any CPU
		{D2FF27C8-AF31-4FA7-9696-E9E95E2C30A8}.Debug|Any CPU.Build.0 = Debug|Any CPU
		{D2FF27C8-AF31-4FA7-9696-E9E95E2C30A8}.Release|Any CPU.ActiveCfg = Release|Any CPU
		{D2FF27C8-AF31-4FA7-9696-E9E95E2C30A8}.Release|Any CPU.Build.0 = Release|Any CPU
		{2463F54B-9B78-4BDF-BE44-43DE914E816F}.Debug|Any CPU.ActiveCfg = Debug|Any CPU
		{2463F54B-9B78-4BDF-BE44-43DE914E816F}.Debug|Any CPU.Build.0 = Debug|Any CPU
		{2463F54B-9B78-4BDF-BE44-43DE914E816F}.Release|Any CPU.ActiveCfg = Release|Any CPU
		{2463F54B-9B78-4BDF-BE44-43DE914E816F}.Release|Any CPU.Build.0 = Release|Any CPU
		{061B57B8-2866-4FF3-9C7D-4B6999D4759D}.Debug|Any CPU.ActiveCfg = Debug|Any CPU
		{061B57B8-2866-4FF3-9C7D-4B6999D4759D}.Debug|Any CPU.Build.0 = Debug|Any CPU
		{061B57B8-2866-4FF3-9C7D-4B6999D4759D}.Release|Any CPU.ActiveCfg = Release|Any CPU
		{061B57B8-2866-4FF3-9C7D-4B6999D4759D}.Release|Any CPU.Build.0 = Release|Any CPU
		{DB757174-796F-4A58-A04F-DF995B6BC053}.Debug|Any CPU.ActiveCfg = Debug|Any CPU
		{DB757174-796F-4A58-A04F-DF995B6BC053}.Debug|Any CPU.Build.0 = Debug|Any CPU
		{DB757174-796F-4A58-A04F-DF995B6BC053}.Release|Any CPU.ActiveCfg = Release|Any CPU
		{DB757174-796F-4A58-A04F-DF995B6BC053}.Release|Any CPU.Build.0 = Release|Any CPU
		{1CD2CB84-710A-4DA1-A908-BE235B1AEA38}.Debug|Any CPU.ActiveCfg = Debug|Any CPU
		{1CD2CB84-710A-4DA1-A908-BE235B1AEA38}.Debug|Any CPU.Build.0 = Debug|Any CPU
		{1CD2CB84-710A-4DA1-A908-BE235B1AEA38}.Release|Any CPU.ActiveCfg = Release|Any CPU
		{1CD2CB84-710A-4DA1-A908-BE235B1AEA38}.Release|Any CPU.Build.0 = Release|Any CPU
		{6E7FA0D1-E173-406C-BB78-D52D8FD0178D}.Debug|Any CPU.ActiveCfg = Debug|Any CPU
		{6E7FA0D1-E173-406C-BB78-D52D8FD0178D}.Debug|Any CPU.Build.0 = Debug|Any CPU
		{6E7FA0D1-E173-406C-BB78-D52D8FD0178D}.Release|Any CPU.ActiveCfg = Release|Any CPU
		{6E7FA0D1-E173-406C-BB78-D52D8FD0178D}.Release|Any CPU.Build.0 = Release|Any CPU
		{4B008406-6930-45CE-A38E-6BFEACFDE609}.Debug|Any CPU.ActiveCfg = Debug|Any CPU
		{4B008406-6930-45CE-A38E-6BFEACFDE609}.Debug|Any CPU.Build.0 = Debug|Any CPU
		{4B008406-6930-45CE-A38E-6BFEACFDE609}.Release|Any CPU.ActiveCfg = Release|Any CPU
		{4B008406-6930-45CE-A38E-6BFEACFDE609}.Release|Any CPU.Build.0 = Release|Any CPU
		{1AE9C049-76B6-40F6-8AE1-4E3B6DED591E}.Debug|Any CPU.ActiveCfg = Debug|Any CPU
		{1AE9C049-76B6-40F6-8AE1-4E3B6DED591E}.Debug|Any CPU.Build.0 = Debug|Any CPU
		{1AE9C049-76B6-40F6-8AE1-4E3B6DED591E}.Release|Any CPU.ActiveCfg = Release|Any CPU
		{1AE9C049-76B6-40F6-8AE1-4E3B6DED591E}.Release|Any CPU.Build.0 = Release|Any CPU
		{327D7C04-4C5F-441C-8E5C-F5E623867DBE}.Debug|Any CPU.ActiveCfg = Debug|Any CPU
		{327D7C04-4C5F-441C-8E5C-F5E623867DBE}.Debug|Any CPU.Build.0 = Debug|Any CPU
		{327D7C04-4C5F-441C-8E5C-F5E623867DBE}.Release|Any CPU.ActiveCfg = Release|Any CPU
		{327D7C04-4C5F-441C-8E5C-F5E623867DBE}.Release|Any CPU.Build.0 = Release|Any CPU
		{798EA8C2-9445-4EBF-98EC-9BA9649E2540}.Debug|Any CPU.ActiveCfg = Debug|Any CPU
		{798EA8C2-9445-4EBF-98EC-9BA9649E2540}.Debug|Any CPU.Build.0 = Debug|Any CPU
		{798EA8C2-9445-4EBF-98EC-9BA9649E2540}.Release|Any CPU.ActiveCfg = Release|Any CPU
		{798EA8C2-9445-4EBF-98EC-9BA9649E2540}.Release|Any CPU.Build.0 = Release|Any CPU
		{E0CC6B6D-F0D7-48B1-846B-4886CB27E372}.Debug|Any CPU.ActiveCfg = Debug|Any CPU
		{E0CC6B6D-F0D7-48B1-846B-4886CB27E372}.Debug|Any CPU.Build.0 = Debug|Any CPU
		{E0CC6B6D-F0D7-48B1-846B-4886CB27E372}.Release|Any CPU.ActiveCfg = Release|Any CPU
		{E0CC6B6D-F0D7-48B1-846B-4886CB27E372}.Release|Any CPU.Build.0 = Release|Any CPU
		{697EC5D8-EA0B-4F5D-AA25-C3D580317175}.Debug|Any CPU.ActiveCfg = Debug|Any CPU
		{697EC5D8-EA0B-4F5D-AA25-C3D580317175}.Debug|Any CPU.Build.0 = Debug|Any CPU
		{697EC5D8-EA0B-4F5D-AA25-C3D580317175}.Release|Any CPU.ActiveCfg = Release|Any CPU
		{697EC5D8-EA0B-4F5D-AA25-C3D580317175}.Release|Any CPU.Build.0 = Release|Any CPU
	EndGlobalSection
	GlobalSection(SolutionProperties) = preSolution
		HideSolutionNode = FALSE
	EndGlobalSection
	GlobalSection(NestedProjects) = preSolution
		{B5D2CEB2-6758-4360-AEFC-AB74433A1BF0} = {2084F69E-8DAB-4DB0-9FC8-611D46607844}
		{E77AC958-80EB-4255-BE0E-5D55816BB843} = {2084F69E-8DAB-4DB0-9FC8-611D46607844}
		{A2A2829B-B3E4-440F-BE85-09768CE5CEDA} = {13CB51BE-575D-4706-9970-E1C71B4648EC}
		{B17D55F5-F76D-4D9D-A293-EE2C1DB75A9F} = {E77AC958-80EB-4255-BE0E-5D55816BB843}
		{2A005751-4FFC-46A3-8E20-6D2E62FB7143} = {E77AC958-80EB-4255-BE0E-5D55816BB843}
		{B8D580EF-1DAA-462C-8238-24CEBAD86034} = {B5D2CEB2-6758-4360-AEFC-AB74433A1BF0}
		{42EA9898-90F0-4E7C-8F67-435A9DE5E063} = {A2A2829B-B3E4-440F-BE85-09768CE5CEDA}
		{B71F318C-85BC-4A2E-98EB-4301E0877A91} = {A2A2829B-B3E4-440F-BE85-09768CE5CEDA}
		{DE9A1F74-46CE-48C8-8CB1-C53066CFAE86} = {2084F69E-8DAB-4DB0-9FC8-611D46607844}
		{145858E4-4FAC-475B-B8E7-4E1E5104F820} = {DE9A1F74-46CE-48C8-8CB1-C53066CFAE86}
		{A44FC10B-01D3-40DE-AEAE-8FF3C0D2304F} = {13CB51BE-575D-4706-9970-E1C71B4648EC}
		{12260A92-0C12-479E-B5F5-E8CA04FAB93D} = {A44FC10B-01D3-40DE-AEAE-8FF3C0D2304F}
		{E81BCECA-E293-4E08-93FF-1B9FA6330178} = {2084F69E-8DAB-4DB0-9FC8-611D46607844}
		{2E813256-586A-4BB6-8959-5900885A03F8} = {13CB51BE-575D-4706-9970-E1C71B4648EC}
		{9AE5F4BC-6C34-4C64-8699-85E84DED5907} = {2E813256-586A-4BB6-8959-5900885A03F8}
		{1B36A88E-3C73-480B-AA45-FEBB575E9079} = {E81BCECA-E293-4E08-93FF-1B9FA6330178}
		{81B403B6-26DD-4A02-A64E-2A5DA781BEDC} = {B5D2CEB2-6758-4360-AEFC-AB74433A1BF0}
		{63FAD863-C572-4D6B-AB94-9C1A1CE8276B} = {B5D2CEB2-6758-4360-AEFC-AB74433A1BF0}
		{F1241C8E-9419-4E7D-9D83-F56234410353} = {B5D2CEB2-6758-4360-AEFC-AB74433A1BF0}
		{AF70A53E-26B0-44D7-A23D-B994D870F924} = {13CB51BE-575D-4706-9970-E1C71B4648EC}
		{74878683-4F95-4EB5-90DF-72AB8B53245E} = {AF70A53E-26B0-44D7-A23D-B994D870F924}
		{21906771-BB01-44AE-845F-0651C581B939} = {AF70A53E-26B0-44D7-A23D-B994D870F924}
		{E8F36B22-4E41-4082-B78A-4A287B0B1160} = {AF70A53E-26B0-44D7-A23D-B994D870F924}
		{9C391891-4730-49BC-B351-77BD85DACE0D} = {AF70A53E-26B0-44D7-A23D-B994D870F924}
		{852DCF32-9B6C-4601-8925-D7AD1669513A} = {2084F69E-8DAB-4DB0-9FC8-611D46607844}
		{D2FF27C8-AF31-4FA7-9696-E9E95E2C30A8} = {852DCF32-9B6C-4601-8925-D7AD1669513A}
		{5F748031-35AC-43D6-986B-E759DBCC1A79} = {2084F69E-8DAB-4DB0-9FC8-611D46607844}
		{2463F54B-9B78-4BDF-BE44-43DE914E816F} = {5F748031-35AC-43D6-986B-E759DBCC1A79}
		{2B46D7D5-4212-43DB-9FB5-94CF68F33A23} = {2084F69E-8DAB-4DB0-9FC8-611D46607844}
		{061B57B8-2866-4FF3-9C7D-4B6999D4759D} = {2B46D7D5-4212-43DB-9FB5-94CF68F33A23}
		{DB757174-796F-4A58-A04F-DF995B6BC053} = {2B46D7D5-4212-43DB-9FB5-94CF68F33A23}
		{1CD2CB84-710A-4DA1-A908-BE235B1AEA38} = {2B46D7D5-4212-43DB-9FB5-94CF68F33A23}
		{EEF24AC8-FBC1-4853-B093-E3C18D9E8134} = {2084F69E-8DAB-4DB0-9FC8-611D46607844}
		{6E7FA0D1-E173-406C-BB78-D52D8FD0178D} = {EEF24AC8-FBC1-4853-B093-E3C18D9E8134}
		{4B008406-6930-45CE-A38E-6BFEACFDE609} = {EEF24AC8-FBC1-4853-B093-E3C18D9E8134}
		{B9538859-6E77-4844-B18A-49A313AC873B} = {13CB51BE-575D-4706-9970-E1C71B4648EC}
		{1AE9C049-76B6-40F6-8AE1-4E3B6DED591E} = {B9538859-6E77-4844-B18A-49A313AC873B}
		{327D7C04-4C5F-441C-8E5C-F5E623867DBE} = {B9538859-6E77-4844-B18A-49A313AC873B}
		{161B9712-7F72-47FF-A00E-DBB69E065292} = {2084F69E-8DAB-4DB0-9FC8-611D46607844}
		{798EA8C2-9445-4EBF-98EC-9BA9649E2540} = {161B9712-7F72-47FF-A00E-DBB69E065292}
		{E0CC6B6D-F0D7-48B1-846B-4886CB27E372} = {161B9712-7F72-47FF-A00E-DBB69E065292}
		{EF58409E-6148-4AC9-B2C0-94443989C089} = {13CB51BE-575D-4706-9970-E1C71B4648EC}
		{6618348C-C3FA-491A-AF10-53173F2EDA86} = {2084F69E-8DAB-4DB0-9FC8-611D46607844}
		{697EC5D8-EA0B-4F5D-AA25-C3D580317175} = {6618348C-C3FA-491A-AF10-53173F2EDA86}
	EndGlobalSection
	GlobalSection(ExtensibilityGlobals) = postSolution
		SolutionGuid = {BD76A27B-B598-4EA4-9F37-78E581460016}
	EndGlobalSection
EndGlobal
