
Microsoft Visual Studio Solution File, Format Version 12.00
# Visual Studio Version 16
VisualStudioVersion = 16.0.30114.105
MinimumVisualStudioVersion = 10.0.40219.1
Project("{FAE04EC0-301F-11D3-BF4B-00C04F79EFBC}") = "MainProgram", "CreatingTypes\MainProgram.csproj", "{F68A3A8B-D667-4C19-B0CC-0371B8A06EC5}"
EndProject
Project("{2150E333-8FDC-42A3-9474-1A3956D46DE8}") = "Tests", "Tests", "{13CB51BE-575D-4706-9970-E1C71B4648EC}"
EndProject
Project("{2150E333-8FDC-42A3-9474-1A3956D46DE8}") = "Models", "Models", "{2084F69E-8DAB-4DB0-9FC8-611D46607844}"
EndProject
Project("{2150E333-8FDC-42A3-9474-1A3956D46DE8}") = "Task_06", "Task_06", "{B5D2CEB2-6758-4360-AEFC-AB74433A1BF0}"
EndProject
Project("{2150E333-8FDC-42A3-9474-1A3956D46DE8}") = "Task_03", "Task_03", "{E77AC958-80EB-4255-BE0E-5D55816BB843}"
EndProject
Project("{2150E333-8FDC-42A3-9474-1A3956D46DE8}") = "Test_03", "Test_03", "{A2A2829B-B3E4-440F-BE85-09768CE5CEDA}"
EndProject
Project("{FAE04EC0-301F-11D3-BF4B-00C04F79EFBC}") = "BinFormatter", "Models\BinFormatter\BinFormatter.csproj", "{B17D55F5-F76D-4D9D-A293-EE2C1DB75A9F}"
EndProject
Project("{FAE04EC0-301F-11D3-BF4B-00C04F79EFBC}") = "NewtonRoot", "Models\NewtonSQRT\NewtonRoot.csproj", "{2A005751-4FFC-46A3-8E20-6D2E62FB7143}"
EndProject
Project("{FAE04EC0-301F-11D3-BF4B-00C04F79EFBC}") = "3DVector", "Models\Vector3D\3DVector.csproj", "{B8D580EF-1DAA-462C-8238-24CEBAD86034}"
EndProject
Project("{FAE04EC0-301F-11D3-BF4B-00C04F79EFBC}") = "BinFormatter_Tests", "Tests\Test_03\BinFormatter_Tests\BinFormatter_Tests.csproj", "{42EA9898-90F0-4E7C-8F67-435A9DE5E063}"
EndProject
Project("{FAE04EC0-301F-11D3-BF4B-00C04F79EFBC}") = "NewtonRoot_Tests", "Tests\Test_03\NewtonRoot_Tests\NewtonRoot_Tests.csproj", "{B71F318C-85BC-4A2E-98EB-4301E0877A91}"
EndProject
Project("{2150E333-8FDC-42A3-9474-1A3956D46DE8}") = "Task_04", "Task_04", "{DE9A1F74-46CE-48C8-8CB1-C53066CFAE86}"
EndProject
Project("{FAE04EC0-301F-11D3-BF4B-00C04F79EFBC}") = "Euclidean", "Models\Euclidean\Euclidean.csproj", "{145858E4-4FAC-475B-B8E7-4E1E5104F820}"
EndProject
Project("{2150E333-8FDC-42A3-9474-1A3956D46DE8}") = "Test_04", "Test_04", "{A44FC10B-01D3-40DE-AEAE-8FF3C0D2304F}"
EndProject
Project("{FAE04EC0-301F-11D3-BF4B-00C04F79EFBC}") = "Euclidean_Tests", "Tests\Test_04\Euclidean_Tests\Euclidean_Tests.csproj", "{12260A92-0C12-479E-B5F5-E8CA04FAB93D}"
EndProject
Project("{2150E333-8FDC-42A3-9474-1A3956D46DE8}") = "Task_05", "Task_05", "{E81BCECA-E293-4E08-93FF-1B9FA6330178}"
EndProject
Project("{2150E333-8FDC-42A3-9474-1A3956D46DE8}") = "Test_05", "Test_05", "{2E813256-586A-4BB6-8959-5900885A03F8}"
EndProject
Project("{FAE04EC0-301F-11D3-BF4B-00C04F79EFBC}") = "Shapes_tests", "Tests\Test_05\Shapes_tests\Shapes_tests.csproj", "{9AE5F4BC-6C34-4C64-8699-85E84DED5907}"
EndProject
Project("{FAE04EC0-301F-11D3-BF4B-00C04F79EFBC}") = "MyShapes", "Models\MyShapes\MyShapes.csproj", "{1B36A88E-3C73-480B-AA45-FEBB575E9079}"
EndProject
Global
	GlobalSection(SolutionConfigurationPlatforms) = preSolution
		Debug|Any CPU = Debug|Any CPU
		Release|Any CPU = Release|Any CPU
	EndGlobalSection
	GlobalSection(ProjectConfigurationPlatforms) = postSolution
		{F68A3A8B-D667-4C19-B0CC-0371B8A06EC5}.Debug|Any CPU.ActiveCfg = Debug|Any CPU
		{F68A3A8B-D667-4C19-B0CC-0371B8A06EC5}.Debug|Any CPU.Build.0 = Debug|Any CPU
		{F68A3A8B-D667-4C19-B0CC-0371B8A06EC5}.Release|Any CPU.ActiveCfg = Release|Any CPU
		{F68A3A8B-D667-4C19-B0CC-0371B8A06EC5}.Release|Any CPU.Build.0 = Release|Any CPU
		{B17D55F5-F76D-4D9D-A293-EE2C1DB75A9F}.Debug|Any CPU.ActiveCfg = Debug|Any CPU
		{B17D55F5-F76D-4D9D-A293-EE2C1DB75A9F}.Debug|Any CPU.Build.0 = Debug|Any CPU
		{B17D55F5-F76D-4D9D-A293-EE2C1DB75A9F}.Release|Any CPU.ActiveCfg = Release|Any CPU
		{B17D55F5-F76D-4D9D-A293-EE2C1DB75A9F}.Release|Any CPU.Build.0 = Release|Any CPU
		{2A005751-4FFC-46A3-8E20-6D2E62FB7143}.Debug|Any CPU.ActiveCfg = Debug|Any CPU
		{2A005751-4FFC-46A3-8E20-6D2E62FB7143}.Debug|Any CPU.Build.0 = Debug|Any CPU
		{2A005751-4FFC-46A3-8E20-6D2E62FB7143}.Release|Any CPU.ActiveCfg = Release|Any CPU
		{2A005751-4FFC-46A3-8E20-6D2E62FB7143}.Release|Any CPU.Build.0 = Release|Any CPU
		{B8D580EF-1DAA-462C-8238-24CEBAD86034}.Debug|Any CPU.ActiveCfg = Debug|Any CPU
		{B8D580EF-1DAA-462C-8238-24CEBAD86034}.Debug|Any CPU.Build.0 = Debug|Any CPU
		{B8D580EF-1DAA-462C-8238-24CEBAD86034}.Release|Any CPU.ActiveCfg = Release|Any CPU
		{B8D580EF-1DAA-462C-8238-24CEBAD86034}.Release|Any CPU.Build.0 = Release|Any CPU
		{42EA9898-90F0-4E7C-8F67-435A9DE5E063}.Debug|Any CPU.ActiveCfg = Debug|Any CPU
		{42EA9898-90F0-4E7C-8F67-435A9DE5E063}.Debug|Any CPU.Build.0 = Debug|Any CPU
		{42EA9898-90F0-4E7C-8F67-435A9DE5E063}.Release|Any CPU.ActiveCfg = Release|Any CPU
		{42EA9898-90F0-4E7C-8F67-435A9DE5E063}.Release|Any CPU.Build.0 = Release|Any CPU
		{B71F318C-85BC-4A2E-98EB-4301E0877A91}.Debug|Any CPU.ActiveCfg = Debug|Any CPU
		{B71F318C-85BC-4A2E-98EB-4301E0877A91}.Debug|Any CPU.Build.0 = Debug|Any CPU
		{B71F318C-85BC-4A2E-98EB-4301E0877A91}.Release|Any CPU.ActiveCfg = Release|Any CPU
		{B71F318C-85BC-4A2E-98EB-4301E0877A91}.Release|Any CPU.Build.0 = Release|Any CPU
		{145858E4-4FAC-475B-B8E7-4E1E5104F820}.Debug|Any CPU.ActiveCfg = Debug|Any CPU
		{145858E4-4FAC-475B-B8E7-4E1E5104F820}.Debug|Any CPU.Build.0 = Debug|Any CPU
		{145858E4-4FAC-475B-B8E7-4E1E5104F820}.Release|Any CPU.ActiveCfg = Release|Any CPU
		{145858E4-4FAC-475B-B8E7-4E1E5104F820}.Release|Any CPU.Build.0 = Release|Any CPU
		{12260A92-0C12-479E-B5F5-E8CA04FAB93D}.Debug|Any CPU.ActiveCfg = Debug|Any CPU
		{12260A92-0C12-479E-B5F5-E8CA04FAB93D}.Debug|Any CPU.Build.0 = Debug|Any CPU
		{12260A92-0C12-479E-B5F5-E8CA04FAB93D}.Release|Any CPU.ActiveCfg = Release|Any CPU
		{12260A92-0C12-479E-B5F5-E8CA04FAB93D}.Release|Any CPU.Build.0 = Release|Any CPU
		{9AE5F4BC-6C34-4C64-8699-85E84DED5907}.Debug|Any CPU.ActiveCfg = Debug|Any CPU
		{9AE5F4BC-6C34-4C64-8699-85E84DED5907}.Debug|Any CPU.Build.0 = Debug|Any CPU
		{9AE5F4BC-6C34-4C64-8699-85E84DED5907}.Release|Any CPU.ActiveCfg = Release|Any CPU
		{9AE5F4BC-6C34-4C64-8699-85E84DED5907}.Release|Any CPU.Build.0 = Release|Any CPU
		{1B36A88E-3C73-480B-AA45-FEBB575E9079}.Debug|Any CPU.ActiveCfg = Debug|Any CPU
		{1B36A88E-3C73-480B-AA45-FEBB575E9079}.Debug|Any CPU.Build.0 = Debug|Any CPU
		{1B36A88E-3C73-480B-AA45-FEBB575E9079}.Release|Any CPU.ActiveCfg = Release|Any CPU
		{1B36A88E-3C73-480B-AA45-FEBB575E9079}.Release|Any CPU.Build.0 = Release|Any CPU
	EndGlobalSection
	GlobalSection(SolutionProperties) = preSolution
		HideSolutionNode = FALSE
	EndGlobalSection
	GlobalSection(NestedProjects) = preSolution
		{B5D2CEB2-6758-4360-AEFC-AB74433A1BF0} = {2084F69E-8DAB-4DB0-9FC8-611D46607844}
		{E77AC958-80EB-4255-BE0E-5D55816BB843} = {2084F69E-8DAB-4DB0-9FC8-611D46607844}
		{A2A2829B-B3E4-440F-BE85-09768CE5CEDA} = {13CB51BE-575D-4706-9970-E1C71B4648EC}
		{B17D55F5-F76D-4D9D-A293-EE2C1DB75A9F} = {E77AC958-80EB-4255-BE0E-5D55816BB843}
		{2A005751-4FFC-46A3-8E20-6D2E62FB7143} = {E77AC958-80EB-4255-BE0E-5D55816BB843}
		{B8D580EF-1DAA-462C-8238-24CEBAD86034} = {B5D2CEB2-6758-4360-AEFC-AB74433A1BF0}
		{42EA9898-90F0-4E7C-8F67-435A9DE5E063} = {A2A2829B-B3E4-440F-BE85-09768CE5CEDA}
		{B71F318C-85BC-4A2E-98EB-4301E0877A91} = {A2A2829B-B3E4-440F-BE85-09768CE5CEDA}
		{DE9A1F74-46CE-48C8-8CB1-C53066CFAE86} = {2084F69E-8DAB-4DB0-9FC8-611D46607844}
		{145858E4-4FAC-475B-B8E7-4E1E5104F820} = {DE9A1F74-46CE-48C8-8CB1-C53066CFAE86}
		{A44FC10B-01D3-40DE-AEAE-8FF3C0D2304F} = {13CB51BE-575D-4706-9970-E1C71B4648EC}
		{12260A92-0C12-479E-B5F5-E8CA04FAB93D} = {A44FC10B-01D3-40DE-AEAE-8FF3C0D2304F}
		{E81BCECA-E293-4E08-93FF-1B9FA6330178} = {2084F69E-8DAB-4DB0-9FC8-611D46607844}
		{2E813256-586A-4BB6-8959-5900885A03F8} = {13CB51BE-575D-4706-9970-E1C71B4648EC}
		{9AE5F4BC-6C34-4C64-8699-85E84DED5907} = {2E813256-586A-4BB6-8959-5900885A03F8}
		{1B36A88E-3C73-480B-AA45-FEBB575E9079} = {E81BCECA-E293-4E08-93FF-1B9FA6330178}
	EndGlobalSection
	GlobalSection(ExtensibilityGlobals) = postSolution
		SolutionGuid = {BD76A27B-B598-4EA4-9F37-78E581460016}
	EndGlobalSection
EndGlobal
